
Microsoft Visual Studio Solution File, Format Version 12.00
# Visual Studio Version 16
VisualStudioVersion = 16.0.32106.194
MinimumVisualStudioVersion = 10.0.40219.1
Project("{FAE04EC0-301F-11D3-BF4B-00C04F79EFBC}") = "Pilas", "Pilas\Pilas.csproj", "{04FD12FE-821A-431D-9DEC-69E2BD77DDEB}"
EndProject
Global
	GlobalSection(SolutionConfigurationPlatforms) = preSolution
		Debug|Any CPU = Debug|Any CPU
		Release|Any CPU = Release|Any CPU
	EndGlobalSection
	GlobalSection(ProjectConfigurationPlatforms) = postSolution
		{04FD12FE-821A-431D-9DEC-69E2BD77DDEB}.Debug|Any CPU.ActiveCfg = Debug|Any CPU
		{04FD12FE-821A-431D-9DEC-69E2BD77DDEB}.Debug|Any CPU.Build.0 = Debug|Any CPU
		{04FD12FE-821A-431D-9DEC-69E2BD77DDEB}.Release|Any CPU.ActiveCfg = Release|Any CPU
		{04FD12FE-821A-431D-9DEC-69E2BD77DDEB}.Release|Any CPU.Build.0 = Release|Any CPU
	EndGlobalSection
	GlobalSection(SolutionProperties) = preSolution
		HideSolutionNode = FALSE
	EndGlobalSection
	GlobalSection(ExtensibilityGlobals) = postSolution
		SolutionGuid = {E6E4E2EC-7D31-4276-92DD-D15A53A45DA3}
	EndGlobalSection
EndGlobal
